
Microsoft Visual Studio Solution File, Format Version 12.00
# Visual Studio Version 16
VisualStudioVersion = 16.0.29519.181
MinimumVisualStudioVersion = 10.0.40219.1
Project("{9A19103F-16F7-4668-BE54-9A1E7A4F7556}") = "PieShop", "PieShop\PieShop.csproj", "{B5869CA6-D2E9-48DE-BFB2-BBE305338790}"
EndProject
Project("{FAE04EC0-301F-11D3-BF4B-00C04F79EFBC}") = "PieShop.Data", "PieShop.Data\PieShop.Data.csproj", "{85F87815-8645-4274-9570-B917F310E41D}"
EndProject
Project("{FAE04EC0-301F-11D3-BF4B-00C04F79EFBC}") = "PieShop.Model", "PieShop.Model\PieShop.Model.csproj", "{86EA89DD-FE3C-4FCB-A19C-510C59A70CEB}"
EndProject
Global
	GlobalSection(SolutionConfigurationPlatforms) = preSolution
		Debug|Any CPU = Debug|Any CPU
		Release|Any CPU = Release|Any CPU
	EndGlobalSection
	GlobalSection(ProjectConfigurationPlatforms) = postSolution
		{B5869CA6-D2E9-48DE-BFB2-BBE305338790}.Debug|Any CPU.ActiveCfg = Debug|Any CPU
		{B5869CA6-D2E9-48DE-BFB2-BBE305338790}.Debug|Any CPU.Build.0 = Debug|Any CPU
		{B5869CA6-D2E9-48DE-BFB2-BBE305338790}.Release|Any CPU.ActiveCfg = Release|Any CPU
		{B5869CA6-D2E9-48DE-BFB2-BBE305338790}.Release|Any CPU.Build.0 = Release|Any CPU
		{85F87815-8645-4274-9570-B917F310E41D}.Debug|Any CPU.ActiveCfg = Debug|Any CPU
		{85F87815-8645-4274-9570-B917F310E41D}.Debug|Any CPU.Build.0 = Debug|Any CPU
		{85F87815-8645-4274-9570-B917F310E41D}.Release|Any CPU.ActiveCfg = Release|Any CPU
		{85F87815-8645-4274-9570-B917F310E41D}.Release|Any CPU.Build.0 = Release|Any CPU
		{86EA89DD-FE3C-4FCB-A19C-510C59A70CEB}.Debug|Any CPU.ActiveCfg = Debug|Any CPU
		{86EA89DD-FE3C-4FCB-A19C-510C59A70CEB}.Debug|Any CPU.Build.0 = Debug|Any CPU
		{86EA89DD-FE3C-4FCB-A19C-510C59A70CEB}.Release|Any CPU.ActiveCfg = Release|Any CPU
		{86EA89DD-FE3C-4FCB-A19C-510C59A70CEB}.Release|Any CPU.Build.0 = Release|Any CPU
	EndGlobalSection
	GlobalSection(SolutionProperties) = preSolution
		HideSolutionNode = FALSE
	EndGlobalSection
	GlobalSection(ExtensibilityGlobals) = postSolution
		SolutionGuid = {81F2FC3A-D102-4B0D-9A09-DE8FABD8419B}
	EndGlobalSection
EndGlobal
